// !$*UTF8*$!
{
	archiveVersion = 1;
	classes = {
	};
	objectVersion = 56;
	objects = {

/* Begin PBXBuildFile section */
		7E69F03629F83880004753E1 /* MainProtocols.swift in Sources */ = {isa = PBXBuildFile; fileRef = 7E69F03529F83880004753E1 /* MainProtocols.swift */; };
		7E69F03829F8388D004753E1 /* CarrierProtocols.swift in Sources */ = {isa = PBXBuildFile; fileRef = 7E69F03729F8388D004753E1 /* CarrierProtocols.swift */; };
		7E69F03A29F83C5D004753E1 /* Router.swift in Sources */ = {isa = PBXBuildFile; fileRef = 7E69F03929F83C5D004753E1 /* Router.swift */; };
		7E69F03C29F83C6D004753E1 /* Interactor.swift in Sources */ = {isa = PBXBuildFile; fileRef = 7E69F03B29F83C6D004753E1 /* Interactor.swift */; };
		7E69F03E29F83C88004753E1 /* Presenter.swift in Sources */ = {isa = PBXBuildFile; fileRef = 7E69F03D29F83C88004753E1 /* Presenter.swift */; };
		7E6A1D3529F590D40025E645 /* AppDelegate.swift in Sources */ = {isa = PBXBuildFile; fileRef = 7E6A1D3429F590D40025E645 /* AppDelegate.swift */; };
		7E6A1D3729F590D40025E645 /* SceneDelegate.swift in Sources */ = {isa = PBXBuildFile; fileRef = 7E6A1D3629F590D40025E645 /* SceneDelegate.swift */; };
		7E6A1D3929F590D40025E645 /* ViewController.swift in Sources */ = {isa = PBXBuildFile; fileRef = 7E6A1D3829F590D40025E645 /* ViewController.swift */; };
		7E6A1D3C29F590D40025E645 /* Main.storyboard in Resources */ = {isa = PBXBuildFile; fileRef = 7E6A1D3A29F590D40025E645 /* Main.storyboard */; };
		7E6A1D3E29F590D60025E645 /* Assets.xcassets in Resources */ = {isa = PBXBuildFile; fileRef = 7E6A1D3D29F590D60025E645 /* Assets.xcassets */; };
		7E6A1D4129F590D60025E645 /* LaunchScreen.storyboard in Resources */ = {isa = PBXBuildFile; fileRef = 7E6A1D3F29F590D60025E645 /* LaunchScreen.storyboard */; };
		7E6A1D4C29F590D60025E645 /* Arithematical_CalculatorTests.swift in Sources */ = {isa = PBXBuildFile; fileRef = 7E6A1D4B29F590D60025E645 /* Arithematical_CalculatorTests.swift */; };
		7E6A1D5629F590D60025E645 /* Arithematical_CalculatorUITests.swift in Sources */ = {isa = PBXBuildFile; fileRef = 7E6A1D5529F590D60025E645 /* Arithematical_CalculatorUITests.swift */; };
		7E6A1D5829F590D60025E645 /* Arithematical_CalculatorUITestsLaunchTests.swift in Sources */ = {isa = PBXBuildFile; fileRef = 7E6A1D5729F590D60025E645 /* Arithematical_CalculatorUITestsLaunchTests.swift */; };
/* End PBXBuildFile section */

/* Begin PBXContainerItemProxy section */
		7E6A1D4829F590D60025E645 /* PBXContainerItemProxy */ = {
			isa = PBXContainerItemProxy;
			containerPortal = 7E6A1D2929F590D40025E645 /* Project object */;
			proxyType = 1;
			remoteGlobalIDString = 7E6A1D3029F590D40025E645;
			remoteInfo = "Arithematical Calculator";
		};
		7E6A1D5229F590D60025E645 /* PBXContainerItemProxy */ = {
			isa = PBXContainerItemProxy;
			containerPortal = 7E6A1D2929F590D40025E645 /* Project object */;
			proxyType = 1;
			remoteGlobalIDString = 7E6A1D3029F590D40025E645;
			remoteInfo = "Arithematical Calculator";
		};
/* End PBXContainerItemProxy section */

/* Begin PBXFileReference section */
		7E69F03529F83880004753E1 /* MainProtocols.swift */ = {isa = PBXFileReference; lastKnownFileType = sourcecode.swift; path = MainProtocols.swift; sourceTree = "<group>"; };
		7E69F03729F8388D004753E1 /* CarrierProtocols.swift */ = {isa = PBXFileReference; lastKnownFileType = sourcecode.swift; path = CarrierProtocols.swift; sourceTree = "<group>"; };
		7E69F03929F83C5D004753E1 /* Router.swift */ = {isa = PBXFileReference; lastKnownFileType = sourcecode.swift; path = Router.swift; sourceTree = "<group>"; };
		7E69F03B29F83C6D004753E1 /* Interactor.swift */ = {isa = PBXFileReference; lastKnownFileType = sourcecode.swift; path = Interactor.swift; sourceTree = "<group>"; };
		7E69F03D29F83C88004753E1 /* Presenter.swift */ = {isa = PBXFileReference; lastKnownFileType = sourcecode.swift; path = Presenter.swift; sourceTree = "<group>"; };
		7E6A1D3129F590D40025E645 /* Arithematical Calculator.app */ = {isa = PBXFileReference; explicitFileType = wrapper.application; includeInIndex = 0; path = "Arithematical Calculator.app"; sourceTree = BUILT_PRODUCTS_DIR; };
		7E6A1D3429F590D40025E645 /* AppDelegate.swift */ = {isa = PBXFileReference; lastKnownFileType = sourcecode.swift; path = AppDelegate.swift; sourceTree = "<group>"; };
		7E6A1D3629F590D40025E645 /* SceneDelegate.swift */ = {isa = PBXFileReference; lastKnownFileType = sourcecode.swift; path = SceneDelegate.swift; sourceTree = "<group>"; };
		7E6A1D3829F590D40025E645 /* ViewController.swift */ = {isa = PBXFileReference; lastKnownFileType = sourcecode.swift; path = ViewController.swift; sourceTree = "<group>"; };
		7E6A1D3B29F590D40025E645 /* Base */ = {isa = PBXFileReference; lastKnownFileType = file.storyboard; name = Base; path = Base.lproj/Main.storyboard; sourceTree = "<group>"; };
		7E6A1D3D29F590D60025E645 /* Assets.xcassets */ = {isa = PBXFileReference; lastKnownFileType = folder.assetcatalog; path = Assets.xcassets; sourceTree = "<group>"; };
		7E6A1D4029F590D60025E645 /* Base */ = {isa = PBXFileReference; lastKnownFileType = file.storyboard; name = Base; path = Base.lproj/LaunchScreen.storyboard; sourceTree = "<group>"; };
		7E6A1D4229F590D60025E645 /* Info.plist */ = {isa = PBXFileReference; lastKnownFileType = text.plist.xml; path = Info.plist; sourceTree = "<group>"; };
		7E6A1D4729F590D60025E645 /* Arithematical CalculatorTests.xctest */ = {isa = PBXFileReference; explicitFileType = wrapper.cfbundle; includeInIndex = 0; path = "Arithematical CalculatorTests.xctest"; sourceTree = BUILT_PRODUCTS_DIR; };
		7E6A1D4B29F590D60025E645 /* Arithematical_CalculatorTests.swift */ = {isa = PBXFileReference; lastKnownFileType = sourcecode.swift; path = Arithematical_CalculatorTests.swift; sourceTree = "<group>"; };
		7E6A1D5129F590D60025E645 /* Arithematical CalculatorUITests.xctest */ = {isa = PBXFileReference; explicitFileType = wrapper.cfbundle; includeInIndex = 0; path = "Arithematical CalculatorUITests.xctest"; sourceTree = BUILT_PRODUCTS_DIR; };
		7E6A1D5529F590D60025E645 /* Arithematical_CalculatorUITests.swift */ = {isa = PBXFileReference; lastKnownFileType = sourcecode.swift; path = Arithematical_CalculatorUITests.swift; sourceTree = "<group>"; };
		7E6A1D5729F590D60025E645 /* Arithematical_CalculatorUITestsLaunchTests.swift */ = {isa = PBXFileReference; lastKnownFileType = sourcecode.swift; path = Arithematical_CalculatorUITestsLaunchTests.swift; sourceTree = "<group>"; };
/* End PBXFileReference section */

/* Begin PBXFrameworksBuildPhase section */
		7E6A1D2E29F590D40025E645 /* Frameworks */ = {
			isa = PBXFrameworksBuildPhase;
			buildActionMask = 2147483647;
			files = (
			);
			runOnlyForDeploymentPostprocessing = 0;
		};
		7E6A1D4429F590D60025E645 /* Frameworks */ = {
			isa = PBXFrameworksBuildPhase;
			buildActionMask = 2147483647;
			files = (
			);
			runOnlyForDeploymentPostprocessing = 0;
		};
		7E6A1D4E29F590D60025E645 /* Frameworks */ = {
			isa = PBXFrameworksBuildPhase;
			buildActionMask = 2147483647;
			files = (
			);
			runOnlyForDeploymentPostprocessing = 0;
		};
/* End PBXFrameworksBuildPhase section */

/* Begin PBXGroup section */
		7E69F02729F82FCD004753E1 /* Interactor */ = {
			isa = PBXGroup;
			children = (
				7E69F03B29F83C6D004753E1 /* Interactor.swift */,
			);
			path = Interactor;
			sourceTree = "<group>";
		};
		7E69F02829F8311E004753E1 /* Router */ = {
			isa = PBXGroup;
			children = (
				7E69F03929F83C5D004753E1 /* Router.swift */,
			);
			path = Router;
			sourceTree = "<group>";
		};
		7E69F03129F83301004753E1 /* View */ = {
			isa = PBXGroup;
			children = (
				7E6A1D3829F590D40025E645 /* ViewController.swift */,
			);
			path = View;
			sourceTree = "<group>";
		};
		7E69F03229F83318004753E1 /* Entity */ = {
			isa = PBXGroup;
			children = (
				7E69F03529F83880004753E1 /* MainProtocols.swift */,
				7E69F03729F8388D004753E1 /* CarrierProtocols.swift */,
			);
			path = Entity;
			sourceTree = "<group>";
		};
		7E6A1D2829F590D40025E645 = {
			isa = PBXGroup;
			children = (
				7E6A1D3329F590D40025E645 /* Arithematical Calculator */,
				7E6A1D4A29F590D60025E645 /* Arithematical CalculatorTests */,
				7E6A1D5429F590D60025E645 /* Arithematical CalculatorUITests */,
				7E6A1D3229F590D40025E645 /* Products */,
			);
			sourceTree = "<group>";
		};
		7E6A1D3229F590D40025E645 /* Products */ = {
			isa = PBXGroup;
			children = (
				7E6A1D3129F590D40025E645 /* Arithematical Calculator.app */,
				7E6A1D4729F590D60025E645 /* Arithematical CalculatorTests.xctest */,
				7E6A1D5129F590D60025E645 /* Arithematical CalculatorUITests.xctest */,
			);
			name = Products;
			sourceTree = "<group>";
		};
		7E6A1D3329F590D40025E645 /* Arithematical Calculator */ = {
			isa = PBXGroup;
			children = (
				7E6A1D3429F590D40025E645 /* AppDelegate.swift */,
				7E6A1D3629F590D40025E645 /* SceneDelegate.swift */,
				7E69F02829F8311E004753E1 /* Router */,
				7E69F03229F83318004753E1 /* Entity */,
				7E6A1D6529F590F50025E645 /* Presenter */,
				7E69F02729F82FCD004753E1 /* Interactor */,
				7E69F03129F83301004753E1 /* View */,
				7E6A1D6429F590ED0025E645 /* StoryBoard */,
				7E6A1D3D29F590D60025E645 /* Assets.xcassets */,
				7E6A1D3F29F590D60025E645 /* LaunchScreen.storyboard */,
				7E6A1D4229F590D60025E645 /* Info.plist */,
			);
			path = "Arithematical Calculator";
			sourceTree = "<group>";
		};
		7E6A1D4A29F590D60025E645 /* Arithematical CalculatorTests */ = {
			isa = PBXGroup;
			children = (
				7E6A1D4B29F590D60025E645 /* Arithematical_CalculatorTests.swift */,
			);
			path = "Arithematical CalculatorTests";
			sourceTree = "<group>";
		};
		7E6A1D5429F590D60025E645 /* Arithematical CalculatorUITests */ = {
			isa = PBXGroup;
			children = (
				7E6A1D5529F590D60025E645 /* Arithematical_CalculatorUITests.swift */,
				7E6A1D5729F590D60025E645 /* Arithematical_CalculatorUITestsLaunchTests.swift */,
			);
			path = "Arithematical CalculatorUITests";
			sourceTree = "<group>";
		};
		7E6A1D6429F590ED0025E645 /* StoryBoard */ = {
			isa = PBXGroup;
			children = (
				7E6A1D3A29F590D40025E645 /* Main.storyboard */,
			);
			path = StoryBoard;
			sourceTree = "<group>";
		};
		7E6A1D6529F590F50025E645 /* Presenter */ = {
			isa = PBXGroup;
			children = (
				7E69F03D29F83C88004753E1 /* Presenter.swift */,
			);
			path = Presenter;
			sourceTree = "<group>";
		};
/* End PBXGroup section */

/* Begin PBXNativeTarget section */
		7E6A1D3029F590D40025E645 /* Arithematical Calculator */ = {
			isa = PBXNativeTarget;
			buildConfigurationList = 7E6A1D5B29F590D60025E645 /* Build configuration list for PBXNativeTarget "Arithematical Calculator" */;
			buildPhases = (
				7E6A1D2D29F590D40025E645 /* Sources */,
				7E6A1D2E29F590D40025E645 /* Frameworks */,
				7E6A1D2F29F590D40025E645 /* Resources */,
			);
			buildRules = (
			);
			dependencies = (
			);
			name = "Arithematical Calculator";
			productName = "Arithematical Calculator";
			productReference = 7E6A1D3129F590D40025E645 /* Arithematical Calculator.app */;
			productType = "com.apple.product-type.application";
		};
		7E6A1D4629F590D60025E645 /* Arithematical CalculatorTests */ = {
			isa = PBXNativeTarget;
			buildConfigurationList = 7E6A1D5E29F590D60025E645 /* Build configuration list for PBXNativeTarget "Arithematical CalculatorTests" */;
			buildPhases = (
				7E6A1D4329F590D60025E645 /* Sources */,
				7E6A1D4429F590D60025E645 /* Frameworks */,
				7E6A1D4529F590D60025E645 /* Resources */,
			);
			buildRules = (
			);
			dependencies = (
				7E6A1D4929F590D60025E645 /* PBXTargetDependency */,
			);
			name = "Arithematical CalculatorTests";
			productName = "Arithematical CalculatorTests";
			productReference = 7E6A1D4729F590D60025E645 /* Arithematical CalculatorTests.xctest */;
			productType = "com.apple.product-type.bundle.unit-test";
		};
		7E6A1D5029F590D60025E645 /* Arithematical CalculatorUITests */ = {
			isa = PBXNativeTarget;
			buildConfigurationList = 7E6A1D6129F590D60025E645 /* Build configuration list for PBXNativeTarget "Arithematical CalculatorUITests" */;
			buildPhases = (
				7E6A1D4D29F590D60025E645 /* Sources */,
				7E6A1D4E29F590D60025E645 /* Frameworks */,
				7E6A1D4F29F590D60025E645 /* Resources */,
			);
			buildRules = (
			);
			dependencies = (
				7E6A1D5329F590D60025E645 /* PBXTargetDependency */,
			);
			name = "Arithematical CalculatorUITests";
			productName = "Arithematical CalculatorUITests";
			productReference = 7E6A1D5129F590D60025E645 /* Arithematical CalculatorUITests.xctest */;
			productType = "com.apple.product-type.bundle.ui-testing";
		};
/* End PBXNativeTarget section */

/* Begin PBXProject section */
		7E6A1D2929F590D40025E645 /* Project object */ = {
			isa = PBXProject;
			attributes = {
				BuildIndependentTargetsInParallel = 1;
				LastSwiftUpdateCheck = 1420;
				LastUpgradeCheck = 1420;
				TargetAttributes = {
					7E6A1D3029F590D40025E645 = {
						CreatedOnToolsVersion = 14.2;
					};
					7E6A1D4629F590D60025E645 = {
						CreatedOnToolsVersion = 14.2;
						TestTargetID = 7E6A1D3029F590D40025E645;
					};
					7E6A1D5029F590D60025E645 = {
						CreatedOnToolsVersion = 14.2;
						TestTargetID = 7E6A1D3029F590D40025E645;
					};
				};
			};
			buildConfigurationList = 7E6A1D2C29F590D40025E645 /* Build configuration list for PBXProject "Arithematical Calculator" */;
			compatibilityVersion = "Xcode 14.0";
			developmentRegion = en;
			hasScannedForEncodings = 0;
			knownRegions = (
				en,
				Base,
			);
			mainGroup = 7E6A1D2829F590D40025E645;
			productRefGroup = 7E6A1D3229F590D40025E645 /* Products */;
			projectDirPath = "";
			projectRoot = "";
			targets = (
				7E6A1D3029F590D40025E645 /* Arithematical Calculator */,
				7E6A1D4629F590D60025E645 /* Arithematical CalculatorTests */,
				7E6A1D5029F590D60025E645 /* Arithematical CalculatorUITests */,
			);
		};
/* End PBXProject section */

/* Begin PBXResourcesBuildPhase section */
		7E6A1D2F29F590D40025E645 /* Resources */ = {
			isa = PBXResourcesBuildPhase;
			buildActionMask = 2147483647;
			files = (
				7E6A1D4129F590D60025E645 /* LaunchScreen.storyboard in Resources */,
				7E6A1D3E29F590D60025E645 /* Assets.xcassets in Resources */,
				7E6A1D3C29F590D40025E645 /* Main.storyboard in Resources */,
			);
			runOnlyForDeploymentPostprocessing = 0;
		};
		7E6A1D4529F590D60025E645 /* Resources */ = {
			isa = PBXResourcesBuildPhase;
			buildActionMask = 2147483647;
			files = (
			);
			runOnlyForDeploymentPostprocessing = 0;
		};
		7E6A1D4F29F590D60025E645 /* Resources */ = {
			isa = PBXResourcesBuildPhase;
			buildActionMask = 2147483647;
			files = (
			);
			runOnlyForDeploymentPostprocessing = 0;
		};
/* End PBXResourcesBuildPhase section */

/* Begin PBXSourcesBuildPhase section */
		7E6A1D2D29F590D40025E645 /* Sources */ = {
			isa = PBXSourcesBuildPhase;
			buildActionMask = 2147483647;
			files = (
				7E69F03629F83880004753E1 /* MainProtocols.swift in Sources */,
				7E6A1D3929F590D40025E645 /* ViewController.swift in Sources */,
				7E69F03E29F83C88004753E1 /* Presenter.swift in Sources */,
				7E69F03829F8388D004753E1 /* CarrierProtocols.swift in Sources */,
				7E6A1D3529F590D40025E645 /* AppDelegate.swift in Sources */,
				7E69F03A29F83C5D004753E1 /* Router.swift in Sources */,
				7E69F03C29F83C6D004753E1 /* Interactor.swift in Sources */,
				7E6A1D3729F590D40025E645 /* SceneDelegate.swift in Sources */,
			);
			runOnlyForDeploymentPostprocessing = 0;
		};
		7E6A1D4329F590D60025E645 /* Sources */ = {
			isa = PBXSourcesBuildPhase;
			buildActionMask = 2147483647;
			files = (
				7E6A1D4C29F590D60025E645 /* Arithematical_CalculatorTests.swift in Sources */,
			);
			runOnlyForDeploymentPostprocessing = 0;
		};
		7E6A1D4D29F590D60025E645 /* Sources */ = {
			isa = PBXSourcesBuildPhase;
			buildActionMask = 2147483647;
			files = (
				7E6A1D5629F590D60025E645 /* Arithematical_CalculatorUITests.swift in Sources */,
				7E6A1D5829F590D60025E645 /* Arithematical_CalculatorUITestsLaunchTests.swift in Sources */,
			);
			runOnlyForDeploymentPostprocessing = 0;
		};
/* End PBXSourcesBuildPhase section */

/* Begin PBXTargetDependency section */
		7E6A1D4929F590D60025E645 /* PBXTargetDependency */ = {
			isa = PBXTargetDependency;
			target = 7E6A1D3029F590D40025E645 /* Arithematical Calculator */;
			targetProxy = 7E6A1D4829F590D60025E645 /* PBXContainerItemProxy */;
		};
		7E6A1D5329F590D60025E645 /* PBXTargetDependency */ = {
			isa = PBXTargetDependency;
			target = 7E6A1D3029F590D40025E645 /* Arithematical Calculator */;
			targetProxy = 7E6A1D5229F590D60025E645 /* PBXContainerItemProxy */;
		};
/* End PBXTargetDependency section */

/* Begin PBXVariantGroup section */
		7E6A1D3A29F590D40025E645 /* Main.storyboard */ = {
			isa = PBXVariantGroup;
			children = (
				7E6A1D3B29F590D40025E645 /* Base */,
			);
			name = Main.storyboard;
			sourceTree = "<group>";
		};
		7E6A1D3F29F590D60025E645 /* LaunchScreen.storyboard */ = {
			isa = PBXVariantGroup;
			children = (
				7E6A1D4029F590D60025E645 /* Base */,
			);
			name = LaunchScreen.storyboard;
			sourceTree = "<group>";
		};
/* End PBXVariantGroup section */

/* Begin XCBuildConfiguration section */
		7E6A1D5929F590D60025E645 /* Debug */ = {
			isa = XCBuildConfiguration;
			buildSettings = {
				ALWAYS_SEARCH_USER_PATHS = NO;
				CLANG_ANALYZER_NONNULL = YES;
				CLANG_ANALYZER_NUMBER_OBJECT_CONVERSION = YES_AGGRESSIVE;
				CLANG_CXX_LANGUAGE_STANDARD = "gnu++20";
				CLANG_ENABLE_MODULES = YES;
				CLANG_ENABLE_OBJC_ARC = YES;
				CLANG_ENABLE_OBJC_WEAK = YES;
				CLANG_WARN_BLOCK_CAPTURE_AUTORELEASING = YES;
				CLANG_WARN_BOOL_CONVERSION = YES;
				CLANG_WARN_COMMA = YES;
				CLANG_WARN_CONSTANT_CONVERSION = YES;
				CLANG_WARN_DEPRECATED_OBJC_IMPLEMENTATIONS = YES;
				CLANG_WARN_DIRECT_OBJC_ISA_USAGE = YES_ERROR;
				CLANG_WARN_DOCUMENTATION_COMMENTS = YES;
				CLANG_WARN_EMPTY_BODY = YES;
				CLANG_WARN_ENUM_CONVERSION = YES;
				CLANG_WARN_INFINITE_RECURSION = YES;
				CLANG_WARN_INT_CONVERSION = YES;
				CLANG_WARN_NON_LITERAL_NULL_CONVERSION = YES;
				CLANG_WARN_OBJC_IMPLICIT_RETAIN_SELF = YES;
				CLANG_WARN_OBJC_LITERAL_CONVERSION = YES;
				CLANG_WARN_OBJC_ROOT_CLASS = YES_ERROR;
				CLANG_WARN_QUOTED_INCLUDE_IN_FRAMEWORK_HEADER = YES;
				CLANG_WARN_RANGE_LOOP_ANALYSIS = YES;
				CLANG_WARN_STRICT_PROTOTYPES = YES;
				CLANG_WARN_SUSPICIOUS_MOVE = YES;
				CLANG_WARN_UNGUARDED_AVAILABILITY = YES_AGGRESSIVE;
				CLANG_WARN_UNREACHABLE_CODE = YES;
				CLANG_WARN__DUPLICATE_METHOD_MATCH = YES;
				COPY_PHASE_STRIP = NO;
				DEBUG_INFORMATION_FORMAT = dwarf;
				ENABLE_STRICT_OBJC_MSGSEND = YES;
				ENABLE_TESTABILITY = YES;
				GCC_C_LANGUAGE_STANDARD = gnu11;
				GCC_DYNAMIC_NO_PIC = NO;
				GCC_NO_COMMON_BLOCKS = YES;
				GCC_OPTIMIZATION_LEVEL = 0;
				GCC_PREPROCESSOR_DEFINITIONS = (
					"DEBUG=1",
					"$(inherited)",
				);
				GCC_WARN_64_TO_32_BIT_CONVERSION = YES;
				GCC_WARN_ABOUT_RETURN_TYPE = YES_ERROR;
				GCC_WARN_UNDECLARED_SELECTOR = YES;
				GCC_WARN_UNINITIALIZED_AUTOS = YES_AGGRESSIVE;
				GCC_WARN_UNUSED_FUNCTION = YES;
				GCC_WARN_UNUSED_VARIABLE = YES;
				IPHONEOS_DEPLOYMENT_TARGET = 16.2;
				MTL_ENABLE_DEBUG_INFO = INCLUDE_SOURCE;
				MTL_FAST_MATH = YES;
				ONLY_ACTIVE_ARCH = YES;
				SDKROOT = iphoneos;
				SWIFT_ACTIVE_COMPILATION_CONDITIONS = DEBUG;
				SWIFT_OPTIMIZATION_LEVEL = "-Onone";
			};
			name = Debug;
		};
		7E6A1D5A29F590D60025E645 /* Release */ = {
			isa = XCBuildConfiguration;
			buildSettings = {
				ALWAYS_SEARCH_USER_PATHS = NO;
				CLANG_ANALYZER_NONNULL = YES;
				CLANG_ANALYZER_NUMBER_OBJECT_CONVERSION = YES_AGGRESSIVE;
				CLANG_CXX_LANGUAGE_STANDARD = "gnu++20";
				CLANG_ENABLE_MODULES = YES;
				CLANG_ENABLE_OBJC_ARC = YES;
				CLANG_ENABLE_OBJC_WEAK = YES;
				CLANG_WARN_BLOCK_CAPTURE_AUTORELEASING = YES;
				CLANG_WARN_BOOL_CONVERSION = YES;
				CLANG_WARN_COMMA = YES;
				CLANG_WARN_CONSTANT_CONVERSION = YES;
				CLANG_WARN_DEPRECATED_OBJC_IMPLEMENTATIONS = YES;
				CLANG_WARN_DIRECT_OBJC_ISA_USAGE = YES_ERROR;
				CLANG_WARN_DOCUMENTATION_COMMENTS = YES;
				CLANG_WARN_EMPTY_BODY = YES;
				CLANG_WARN_ENUM_CONVERSION = YES;
				CLANG_WARN_INFINITE_RECURSION = YES;
				CLANG_WARN_INT_CONVERSION = YES;
				CLANG_WARN_NON_LITERAL_NULL_CONVERSION = YES;
				CLANG_WARN_OBJC_IMPLICIT_RETAIN_SELF = YES;
				CLANG_WARN_OBJC_LITERAL_CONVERSION = YES;
				CLANG_WARN_OBJC_ROOT_CLASS = YES_ERROR;
				CLANG_WARN_QUOTED_INCLUDE_IN_FRAMEWORK_HEADER = YES;
				CLANG_WARN_RANGE_LOOP_ANALYSIS = YES;
				CLANG_WARN_STRICT_PROTOTYPES = YES;
				CLANG_WARN_SUSPICIOUS_MOVE = YES;
				CLANG_WARN_UNGUARDED_AVAILABILITY = YES_AGGRESSIVE;
				CLANG_WARN_UNREACHABLE_CODE = YES;
				CLANG_WARN__DUPLICATE_METHOD_MATCH = YES;
				COPY_PHASE_STRIP = NO;
				DEBUG_INFORMATION_FORMAT = "dwarf-with-dsym";
				ENABLE_NS_ASSERTIONS = NO;
				ENABLE_STRICT_OBJC_MSGSEND = YES;
				GCC_C_LANGUAGE_STANDARD = gnu11;
				GCC_NO_COMMON_BLOCKS = YES;
				GCC_WARN_64_TO_32_BIT_CONVERSION = YES;
				GCC_WARN_ABOUT_RETURN_TYPE = YES_ERROR;
				GCC_WARN_UNDECLARED_SELECTOR = YES;
				GCC_WARN_UNINITIALIZED_AUTOS = YES_AGGRESSIVE;
				GCC_WARN_UNUSED_FUNCTION = YES;
				GCC_WARN_UNUSED_VARIABLE = YES;
				IPHONEOS_DEPLOYMENT_TARGET = 16.2;
				MTL_ENABLE_DEBUG_INFO = NO;
				MTL_FAST_MATH = YES;
				SDKROOT = iphoneos;
				SWIFT_COMPILATION_MODE = wholemodule;
				SWIFT_OPTIMIZATION_LEVEL = "-O";
				VALIDATE_PRODUCT = YES;
			};
			name = Release;
		};
		7E6A1D5C29F590D60025E645 /* Debug */ = {
			isa = XCBuildConfiguration;
			buildSettings = {
				ASSETCATALOG_COMPILER_APPICON_NAME = AppIcon;
				ASSETCATALOG_COMPILER_GLOBAL_ACCENT_COLOR_NAME = AccentColor;
				CODE_SIGN_STYLE = Automatic;
				CURRENT_PROJECT_VERSION = 1;
				DEVELOPMENT_TEAM = 4WCVXD5T4H;
				GENERATE_INFOPLIST_FILE = YES;
				INFOPLIST_FILE = "Arithematical Calculator/Info.plist";
				INFOPLIST_KEY_CFBundleDisplayName = "Arithematical Calculator";
				INFOPLIST_KEY_UIApplicationSupportsIndirectInputEvents = YES;
				INFOPLIST_KEY_UILaunchStoryboardName = LaunchScreen;
				INFOPLIST_KEY_UIMainStoryboardFile = Main;
				INFOPLIST_KEY_UISupportedInterfaceOrientations_iPad = "UIInterfaceOrientationPortrait UIInterfaceOrientationPortraitUpsideDown UIInterfaceOrientationLandscapeLeft UIInterfaceOrientationLandscapeRight";
				INFOPLIST_KEY_UISupportedInterfaceOrientations_iPhone = "UIInterfaceOrientationPortrait UIInterfaceOrientationLandscapeLeft UIInterfaceOrientationLandscapeRight";
				LD_RUNPATH_SEARCH_PATHS = (
					"$(inherited)",
					"@executable_path/Frameworks",
				);
				MARKETING_VERSION = 1.0;
				PRODUCT_BUNDLE_IDENTIFIER = "com.yell-htet.Arithematical-Calculator";
				PRODUCT_NAME = "$(TARGET_NAME)";
				SWIFT_EMIT_LOC_STRINGS = YES;
				SWIFT_VERSION = 5.0;
				TARGETED_DEVICE_FAMILY = "1,2";
			};
			name = Debug;
		};
		7E6A1D5D29F590D60025E645 /* Release */ = {
			isa = XCBuildConfiguration;
			buildSettings = {
				ASSETCATALOG_COMPILER_APPICON_NAME = AppIcon;
				ASSETCATALOG_COMPILER_GLOBAL_ACCENT_COLOR_NAME = AccentColor;
				CODE_SIGN_STYLE = Automatic;
				CURRENT_PROJECT_VERSION = 1;
				DEVELOPMENT_TEAM = 4WCVXD5T4H;
				GENERATE_INFOPLIST_FILE = YES;
				INFOPLIST_FILE = "Arithematical Calculator/Info.plist";
				INFOPLIST_KEY_CFBundleDisplayName = "Arithematical Calculator";
				INFOPLIST_KEY_UIApplicationSupportsIndirectInputEvents = YES;
				INFOPLIST_KEY_UILaunchStoryboardName = LaunchScreen;
				INFOPLIST_KEY_UIMainStoryboardFile = Main;
				INFOPLIST_KEY_UISupportedInterfaceOrientations_iPad = "UIInterfaceOrientationPortrait UIInterfaceOrientationPortraitUpsideDown UIInterfaceOrientationLandscapeLeft UIInterfaceOrientationLandscapeRight";
				INFOPLIST_KEY_UISupportedInterfaceOrientations_iPhone = "UIInterfaceOrientationPortrait UIInterfaceOrientationLandscapeLeft UIInterfaceOrientationLandscapeRight";
				LD_RUNPATH_SEARCH_PATHS = (
					"$(inherited)",
					"@executable_path/Frameworks",
				);
				MARKETING_VERSION = 1.0;
				PRODUCT_BUNDLE_IDENTIFIER = "com.yell-htet.Arithematical-Calculator";
				PRODUCT_NAME = "$(TARGET_NAME)";
				SWIFT_EMIT_LOC_STRINGS = YES;
				SWIFT_VERSION = 5.0;
				TARGETED_DEVICE_FAMILY = "1,2";
			};
			name = Release;
		};
		7E6A1D5F29F590D60025E645 /* Debug */ = {
			isa = XCBuildConfiguration;
			buildSettings = {
				ALWAYS_EMBED_SWIFT_STANDARD_LIBRARIES = YES;
				BUNDLE_LOADER = "$(TEST_HOST)";
				CODE_SIGN_STYLE = Automatic;
				CURRENT_PROJECT_VERSION = 1;
				DEVELOPMENT_TEAM = 4WCVXD5T4H;
				GENERATE_INFOPLIST_FILE = YES;
				IPHONEOS_DEPLOYMENT_TARGET = 16.2;
				MARKETING_VERSION = 1.0;
				PRODUCT_BUNDLE_IDENTIFIER = "com.yell-htet.Arithematical-CalculatorTests";
				PRODUCT_NAME = "$(TARGET_NAME)";
				SWIFT_EMIT_LOC_STRINGS = NO;
				SWIFT_VERSION = 5.0;
				TARGETED_DEVICE_FAMILY = "1,2";
				TEST_HOST = "$(BUILT_PRODUCTS_DIR)/Arithematical Calculator.app/$(BUNDLE_EXECUTABLE_FOLDER_PATH)/Arithematical Calculator";
			};
			name = Debug;
		};
		7E6A1D6029F590D60025E645 /* Release */ = {
			isa = XCBuildConfiguration;
			buildSettings = {
				ALWAYS_EMBED_SWIFT_STANDARD_LIBRARIES = YES;
				BUNDLE_LOADER = "$(TEST_HOST)";
				CODE_SIGN_STYLE = Automatic;
				CURRENT_PROJECT_VERSION = 1;
				DEVELOPMENT_TEAM = 4WCVXD5T4H;
				GENERATE_INFOPLIST_FILE = YES;
				IPHONEOS_DEPLOYMENT_TARGET = 16.2;
				MARKETING_VERSION = 1.0;
				PRODUCT_BUNDLE_IDENTIFIER = "com.yell-htet.Arithematical-CalculatorTests";
				PRODUCT_NAME = "$(TARGET_NAME)";
				SWIFT_EMIT_LOC_STRINGS = NO;
				SWIFT_VERSION = 5.0;
				TARGETED_DEVICE_FAMILY = "1,2";
				TEST_HOST = "$(BUILT_PRODUCTS_DIR)/Arithematical Calculator.app/$(BUNDLE_EXECUTABLE_FOLDER_PATH)/Arithematical Calculator";
			};
			name = Release;
		};
		7E6A1D6229F590D60025E645 /* Debug */ = {
			isa = XCBuildConfiguration;
			buildSettings = {
				ALWAYS_EMBED_SWIFT_STANDARD_LIBRARIES = YES;
				CODE_SIGN_STYLE = Automatic;
				CURRENT_PROJECT_VERSION = 1;
				DEVELOPMENT_TEAM = 4WCVXD5T4H;
				GENERATE_INFOPLIST_FILE = YES;
				MARKETING_VERSION = 1.0;
				PRODUCT_BUNDLE_IDENTIFIER = "com.yell-htet.Arithematical-CalculatorUITests";
				PRODUCT_NAME = "$(TARGET_NAME)";
				SWIFT_EMIT_LOC_STRINGS = NO;
				SWIFT_VERSION = 5.0;
				TARGETED_DEVICE_FAMILY = "1,2";
				TEST_TARGET_NAME = "Arithematical Calculator";
			};
			name = Debug;
		};
		7E6A1D6329F590D60025E645 /* Release */ = {
			isa = XCBuildConfiguration;
			buildSettings = {
				ALWAYS_EMBED_SWIFT_STANDARD_LIBRARIES = YES;
				CODE_SIGN_STYLE = Automatic;
				CURRENT_PROJECT_VERSION = 1;
				DEVELOPMENT_TEAM = 4WCVXD5T4H;
				GENERATE_INFOPLIST_FILE = YES;
				MARKETING_VERSION = 1.0;
				PRODUCT_BUNDLE_IDENTIFIER = "com.yell-htet.Arithematical-CalculatorUITests";
				PRODUCT_NAME = "$(TARGET_NAME)";
				SWIFT_EMIT_LOC_STRINGS = NO;
				SWIFT_VERSION = 5.0;
				TARGETED_DEVICE_FAMILY = "1,2";
				TEST_TARGET_NAME = "Arithematical Calculator";
			};
			name = Release;
		};
/* End XCBuildConfiguration section */

/* Begin XCConfigurationList section */
		7E6A1D2C29F590D40025E645 /* Build configuration list for PBXProject "Arithematical Calculator" */ = {
			isa = XCConfigurationList;
			buildConfigurations = (
				7E6A1D5929F590D60025E645 /* Debug */,
				7E6A1D5A29F590D60025E645 /* Release */,
			);
			defaultConfigurationIsVisible = 0;
			defaultConfigurationName = Release;
		};
		7E6A1D5B29F590D60025E645 /* Build configuration list for PBXNativeTarget "Arithematical Calculator" */ = {
			isa = XCConfigurationList;
			buildConfigurations = (
				7E6A1D5C29F590D60025E645 /* Debug */,
				7E6A1D5D29F590D60025E645 /* Release */,
			);
			defaultConfigurationIsVisible = 0;
			defaultConfigurationName = Release;
		};
		7E6A1D5E29F590D60025E645 /* Build configuration list for PBXNativeTarget "Arithematical CalculatorTests" */ = {
			isa = XCConfigurationList;
			buildConfigurations = (
				7E6A1D5F29F590D60025E645 /* Debug */,
				7E6A1D6029F590D60025E645 /* Release */,
			);
			defaultConfigurationIsVisible = 0;
			defaultConfigurationName = Release;
		};
		7E6A1D6129F590D60025E645 /* Build configuration list for PBXNativeTarget "Arithematical CalculatorUITests" */ = {
			isa = XCConfigurationList;
			buildConfigurations = (
				7E6A1D6229F590D60025E645 /* Debug */,
				7E6A1D6329F590D60025E645 /* Release */,
			);
			defaultConfigurationIsVisible = 0;
			defaultConfigurationName = Release;
		};
/* End XCConfigurationList section */
	};
	rootObject = 7E6A1D2929F590D40025E645 /* Project object */;
}
